<?xml version="1.0" encoding="utf-8"?>
<Project ToolsVersion="4.0" xmlns="http://schemas.microsoft.com/developer/msbuild/2003">
  <ItemGroup>
    <Filter Include="Source Files">
      <UniqueIdentifier>{4FC737F1-C7A5-4376-A066-2A32D752A2FF}</UniqueIdentifier>
      <Extensions>cpp;c;cc;cxx;def;odl;idl;hpj;bat;asm;asmx</Extensions>
    </Filter>
    <Filter Include="Header Files">
      <UniqueIdentifier>{93995380-89BD-4b04-88EB-625FBE52EBFB}</UniqueIdentifier>
      <Extensions>h;hpp;hxx;hm;inl;inc;xsd</Extensions>
    </Filter>
    <Filter Include="Win32Res">
      <UniqueIdentifier>{67DA6AB6-F800-4c08-8B7A-83BB121AAD01}</UniqueIdentifier>
      <Extensions>rc;ico;cur;bmp;dlg;rc2;rct;bin;rgs;gif;jpg;jpeg;jpe;resx;tiff;tif;png;wav</Extensions>
    </Filter>
    <Filter Include="Resources">
      <UniqueIdentifier>{64c93967-d0cf-4a43-ad42-2c66dc66c5b8}</UniqueIdentifier>
    </Filter>
    <Filter Include="Resources\Shaders">
      <UniqueIdentifier>{579c080a-717e-429b-8b01-ae9eccb5ad2f}</UniqueIdentifier>
    </Filter>
    <Filter Include="Resources\Models">
      <UniqueIdentifier>{459298a0-16f3-4193-8e14-006b31aac3cd}</UniqueIdentifier>
    </Filter>
    <Filter Include="Resources\Textures">
      <UniqueIdentifier>{5a39945d-ad7d-46a8-9778-3c79a88f5c54}</UniqueIdentifier>
    </Filter>
    <Filter Include="Resources\Xml">
      <UniqueIdentifier>{f8167186-1351-4713-a437-db7e02147eec}</UniqueIdentifier>
    </Filter>
  </ItemGroup>
  <ItemGroup>
    <ClCompile Include="NewTrainingFramework.cpp">
      <Filter>Source Files</Filter>
    </ClCompile>
    <ClCompile Include="Shaders.cpp">
      <Filter>Source Files</Filter>
    </ClCompile>
    <ClCompile Include="stdafx.cpp">
      <Filter>Source Files</Filter>
    </ClCompile>
    <ClCompile Include="Camera.cpp">
      <Filter>Source Files</Filter>
    </ClCompile>
    <ClCompile Include="ResourceManager.cpp">
      <Filter>Source Files</Filter>
    </ClCompile>
    <ClCompile Include="Model.cpp">
      <Filter>Source Files</Filter>
    </ClCompile>
    <ClCompile Include="Texture.cpp">
      <Filter>Source Files</Filter>
    </ClCompile>
    <ClCompile Include="SceneManager.cpp">
      <Filter>Source Files</Filter>
    </ClCompile>
    <ClCompile Include="SceneObject.cpp">
      <Filter>Source Files</Filter>
    </ClCompile>
    <ClCompile Include="Terrain .cpp">
      <Filter>Source Files</Filter>
    </ClCompile>
    <ClCompile Include="Light.cpp">
      <Filter>Source Files</Filter>
    </ClCompile>
    <ClCompile Include="ReflectSkyBox.cpp">
      <Filter>Source Files</Filter>
    </ClCompile>
    <ClCompile Include="Fire.cpp">
      <Filter>Source Files</Filter>
    </ClCompile>
    <ClCompile Include="SkyBox.cpp">
      <Filter>Source Files</Filter>
    </ClCompile>
    <ClCompile Include="Sound.cpp">
      <Filter>Source Files</Filter>
    </ClCompile>
    <ClCompile Include="EventsClass.cpp">
      <Filter>Source Files</Filter>
    </ClCompile>
    <ClCompile Include="TextRendering.cpp">
      <Filter>Source Files</Filter>
    </ClCompile>
  </ItemGroup>
  <ItemGroup>
    <ClInclude Include="Globals.h">
      <Filter>Header Files</Filter>
    </ClInclude>
    <ClInclude Include="Shaders.h">
      <Filter>Header Files</Filter>
    </ClInclude>
    <ClInclude Include="stdafx.h">
      <Filter>Header Files</Filter>
    </ClInclude>
    <ClInclude Include="targetver.h">
      <Filter>Header Files</Filter>
    </ClInclude>
    <ClInclude Include="Vertex.h">
      <Filter>Header Files</Filter>
    </ClInclude>
    <ClInclude Include="Camera.h">
      <Filter>Header Files</Filter>
    </ClInclude>
    <ClInclude Include="ResourceManager.h">
      <Filter>Header Files</Filter>
    </ClInclude>
    <ClInclude Include="Model.h">
      <Filter>Header Files</Filter>
    </ClInclude>
    <ClInclude Include="Texture.h">
      <Filter>Header Files</Filter>
    </ClInclude>
    <ClInclude Include="SceneManager.h">
      <Filter>Header Files</Filter>
    </ClInclude>
    <ClInclude Include="SceneObject.h">
      <Filter>Header Files</Filter>
    </ClInclude>
    <ClInclude Include="Structuri.h">
      <Filter>Header Files</Filter>
    </ClInclude>
    <ClInclude Include="Terrain.h">
      <Filter>Header Files</Filter>
    </ClInclude>
    <ClInclude Include="Light.h">
      <Filter>Header Files</Filter>
    </ClInclude>
    <ClInclude Include="ReflectSkyBox.h">
      <Filter>Header Files</Filter>
    </ClInclude>
    <ClInclude Include="Fire.h">
      <Filter>Header Files</Filter>
    </ClInclude>
    <ClInclude Include="SkyBox.h">
      <Filter>Header Files</Filter>
    </ClInclude>
    <ClInclude Include="Sound.h">
      <Filter>Header Files</Filter>
    </ClInclude>
    <ClInclude Include="EventsClass.h">
      <Filter>Header Files</Filter>
    </ClInclude>
    <ClInclude Include="TextRendering.h">
      <Filter>Header Files</Filter>
    </ClInclude>
  </ItemGroup>
  <ItemGroup>
    <None Include="..\..\Readme.doc" />
    <None Include="..\Resources\Models\Bila.nfg">
      <Filter>Resources\Models</Filter>
    </None>
    <None Include="..\Resources\Models\bus.nfg">
      <Filter>Resources\Models</Filter>
    </None>
    <None Include="..\Resources\Models\Croco.nfg">
      <Filter>Resources\Models</Filter>
    </None>
    <None Include="..\Resources\Models\fire.nfg">
      <Filter>Resources\Models</Filter>
    </None>
    <None Include="..\Resources\Models\Goliath.nfg">
      <Filter>Resources\Models</Filter>
    </None>
    <None Include="..\Resources\Models\House.nfg">
      <Filter>Resources\Models</Filter>
    </None>
    <None Include="..\Resources\Models\Marine.nfg">
      <Filter>Resources\Models</Filter>
    </None>
    <None Include="..\Resources\Models\Radar.nfg">
      <Filter>Resources\Models</Filter>
    </None>
    <None Include="..\Resources\Models\SCV.nfg">
      <Filter>Resources\Models</Filter>
    </None>
    <None Include="..\Resources\Models\SkyBox.nfg">
      <Filter>Resources\Models</Filter>
    </None>
    <None Include="..\Resources\Models\Teran_Command_Center.nfg">
      <Filter>Resources\Models</Filter>
    </None>
    <None Include="..\Resources\Models\Terrain.nfg">
      <Filter>Resources\Models</Filter>
    </None>
    <None Include="..\Resources\Models\train.nfg">
      <Filter>Resources\Models</Filter>
    </None>
    <None Include="..\Resources\Models\water.nfg">
      <Filter>Resources\Models</Filter>
    </None>
    <None Include="..\Resources\Models\witch.nfg">
      <Filter>Resources\Models</Filter>
    </None>
    <None Include="..\Resources\Models\Woman1.nfg">
      <Filter>Resources\Models</Filter>
    </None>
    <None Include="..\Resources\Models\Woman2.nfg">
      <Filter>Resources\Models</Filter>
    </None>
    <None Include="..\Resources\Textures\heightmap.raw">
      <Filter>Resources\Textures</Filter>
    </None>
    <None Include="..\Resources\Models\patrat.nfg">
      <Filter>Resources\Models</Filter>
    </None>
    <None Include="..\Resources\Models\patrat2.nfg">
      <Filter>Resources\Models</Filter>
    </None>
    <None Include="..\Resources\Shaders\TerrainFS.fs">
      <Filter>Resources\Shaders</Filter>
    </None>
    <None Include="..\Resources\Shaders\TerrainVS.vs">
      <Filter>Resources\Shaders</Filter>
    </None>
    <None Include="..\Resources\Shaders\SkyBoxFS.fs">
      <Filter>Resources\Shaders</Filter>
    </None>
    <None Include="..\Resources\Shaders\SkyBoxVS.vs">
      <Filter>Resources\Shaders</Filter>
    </None>
    <None Include="..\Resources\Shaders\PhongFS.fs">
      <Filter>Resources\Shaders</Filter>
    </None>
    <None Include="..\Resources\Shaders\PhongVS.vs">
      <Filter>Resources\Shaders</Filter>
    </None>
    <None Include="..\Resources\Shaders\fireFS.fs">
      <Filter>Resources\Shaders</Filter>
    </None>
    <None Include="..\Resources\Shaders\fireVS.vs">
      <Filter>Resources\Shaders</Filter>
    </None>
    <None Include="..\Resources\Shaders\refSkyBoxFS.fs">
      <Filter>Resources\Shaders</Filter>
    </None>
    <None Include="..\Resources\Shaders\refSkyBoxVS.vs">
      <Filter>Resources\Shaders</Filter>
    </None>
    <None Include="..\Resources\Shaders\TextFS.fs">
      <Filter>Resources\Shaders</Filter>
    </None>
    <None Include="..\Resources\Shaders\TextVS.vs">
      <Filter>Resources\Shaders</Filter>
    </None>
    <None Include="..\Resources\Shaders\NormalMapFS.fs">
      <Filter>Resources\Shaders</Filter>
    </None>
    <None Include="..\Resources\Shaders\NormalMapVS.vs">
      <Filter>Resources\Shaders</Filter>
    </None>
  </ItemGroup>
  <ItemGroup>
    <Image Include="..\Resources\Textures\Bus.tga">
      <Filter>Resources\Textures</Filter>
    </Image>
    <Image Include="..\Resources\Textures\Croco.tga">
      <Filter>Resources\Textures</Filter>
    </Image>
    <Image Include="..\Resources\Textures\Dirt.tga">
      <Filter>Resources\Textures</Filter>
    </Image>
    <Image Include="..\Resources\Textures\DisplacementMap.tga">
      <Filter>Resources\Textures</Filter>
    </Image>
    <Image Include="..\Resources\Textures\envMap.tga">
      <Filter>Resources\Textures</Filter>
    </Image>
    <Image Include="..\Resources\Textures\fire_mask.tga">
      <Filter>Resources\Textures</Filter>
    </Image>
    <Image Include="..\Resources\Textures\fire3.tga">
      <Filter>Resources\Textures</Filter>
    </Image>
    <Image Include="..\Resources\Textures\Golitah.tga">
      <Filter>Resources\Textures</Filter>
    </Image>
    <Image Include="..\Resources\Textures\Grass.tga">
      <Filter>Resources\Textures</Filter>
    </Image>
    <Image Include="..\Resources\Textures\House.tga">
      <Filter>Resources\Textures</Filter>
    </Image>
    <Image Include="..\Resources\Textures\Marine.tga">
      <Filter>Resources\Textures</Filter>
    </Image>
    <Image Include="..\Resources\Textures\NormalMap.tga">
      <Filter>Resources\Textures</Filter>
    </Image>
    <Image Include="..\Resources\Textures\radar.tga">
      <Filter>Resources\Textures</Filter>
    </Image>
    <Image Include="..\Resources\Textures\Rock.tga">
      <Filter>Resources\Textures</Filter>
    </Image>
    <Image Include="..\Resources\Textures\SCV.tga">
      <Filter>Resources\Textures</Filter>
    </Image>
    <Image Include="..\Resources\Textures\Terrain_blend_map.tga">
      <Filter>Resources\Textures</Filter>
    </Image>
    <Image Include="..\Resources\Textures\Terran_Command_Center.tga">
      <Filter>Resources\Textures</Filter>
    </Image>
    <Image Include="..\Resources\Textures\Train.tga">
      <Filter>Resources\Textures</Filter>
    </Image>
    <Image Include="..\Resources\Textures\WaterNormal.tga">
      <Filter>Resources\Textures</Filter>
    </Image>
    <Image Include="..\Resources\Textures\Witch.tga">
      <Filter>Resources\Textures</Filter>
    </Image>
    <Image Include="..\Resources\Textures\Woman1.tga">
      <Filter>Resources\Textures</Filter>
    </Image>
    <Image Include="..\Resources\Textures\Woman2.tga">
      <Filter>Resources\Textures</Filter>
    </Image>
  </ItemGroup>
  <ItemGroup>
    <Xml Include="..\Resources\Xml\resourceManager.xml">
      <Filter>Resources\Xml</Filter>
    </Xml>
    <Xml Include="..\Resources\Xml\sceneManager.xml">
      <Filter>Resources\Xml</Filter>
    </Xml>
  </ItemGroup>
</Project>